// !$*UTF8*$!
{
	archiveVersion = 1;
	classes = {
	};
	objectVersion = 50;
	objects = {

/* Begin PBXBuildFile section */
		B7AA159C26C0036B0006359A /* AppDelegate.swift in Sources */ = {isa = PBXBuildFile; fileRef = B7AA159B26C0036B0006359A /* AppDelegate.swift */; };
		B7AA159E26C0036B0006359A /* SceneDelegate.swift in Sources */ = {isa = PBXBuildFile; fileRef = B7AA159D26C0036B0006359A /* SceneDelegate.swift */; };
		B7AA15A326C0036B0006359A /* Main.storyboard in Resources */ = {isa = PBXBuildFile; fileRef = B7AA15A126C0036B0006359A /* Main.storyboard */; };
		B7AA15A626C0036B0006359A /* VirtualTourist.xcdatamodeld in Sources */ = {isa = PBXBuildFile; fileRef = B7AA15A426C0036B0006359A /* VirtualTourist.xcdatamodeld */; };
		B7AA15A826C0036E0006359A /* Assets.xcassets in Resources */ = {isa = PBXBuildFile; fileRef = B7AA15A726C0036E0006359A /* Assets.xcassets */; };
		B7AA15AB26C0036E0006359A /* LaunchScreen.storyboard in Resources */ = {isa = PBXBuildFile; fileRef = B7AA15A926C0036E0006359A /* LaunchScreen.storyboard */; };
		B7AA15B626C00E560006359A /* MapViewController.swift in Sources */ = {isa = PBXBuildFile; fileRef = B7AA15B526C00E560006359A /* MapViewController.swift */; };
		B7AA15B826C00E660006359A /* PinAlbumViewController.swift in Sources */ = {isa = PBXBuildFile; fileRef = B7AA15B726C00E660006359A /* PinAlbumViewController.swift */; };
		B7AA15BB26C011B60006359A /* Pin+extension.swift in Sources */ = {isa = PBXBuildFile; fileRef = B7AA15BA26C011B60006359A /* Pin+extension.swift */; };
		B7AA15BD26C0121D0006359A /* Constants.swift in Sources */ = {isa = PBXBuildFile; fileRef = B7AA15BC26C0121D0006359A /* Constants.swift */; };
		B7AA15C026C044390006359A /* FlickrClient.swift in Sources */ = {isa = PBXBuildFile; fileRef = B7AA15BF26C044390006359A /* FlickrClient.swift */; };
		B7AA15C426C044990006359A /* FlickrPhotoSearchResponse.swift in Sources */ = {isa = PBXBuildFile; fileRef = B7AA15C326C044990006359A /* FlickrPhotoSearchResponse.swift */; };
		B7AA15C626C0493E0006359A /* FlickrPhoto.swift in Sources */ = {isa = PBXBuildFile; fileRef = B7AA15C526C0493E0006359A /* FlickrPhoto.swift */; };
		B7AA15C826C04A900006359A /* FlickrError.swift in Sources */ = {isa = PBXBuildFile; fileRef = B7AA15C726C04A900006359A /* FlickrError.swift */; };
		B7AA15CC26C04D1B0006359A /* FlickrErrorResponse.swift in Sources */ = {isa = PBXBuildFile; fileRef = B7AA15CB26C04D1B0006359A /* FlickrErrorResponse.swift */; };
		B7AA15CE26C04F0D0006359A /* ImageCollectionViewCell.swift in Sources */ = {isa = PBXBuildFile; fileRef = B7AA15CD26C04F0D0006359A /* ImageCollectionViewCell.swift */; };
		B7AA15D126C051F50006359A /* UIViewController+showAlert.swift in Sources */ = {isa = PBXBuildFile; fileRef = B7AA15D026C051F50006359A /* UIViewController+showAlert.swift */; };
		B7AA15D326C067F60006359A /* DataController.swift in Sources */ = {isa = PBXBuildFile; fileRef = B7AA15D226C067F60006359A /* DataController.swift */; };
		B7AA15D526C0766A0006359A /* PinAnnotation.swift in Sources */ = {isa = PBXBuildFile; fileRef = B7AA15D426C0766A0006359A /* PinAnnotation.swift */; };
		B7B68A5926C08D60001F62BC /* Photo+extension.swift in Sources */ = {isa = PBXBuildFile; fileRef = B7B68A5826C08D60001F62BC /* Photo+extension.swift */; };
		B7B68A5B26C181F0001F62BC /* NSManagedObjectContext+saveIfNeeded.swift in Sources */ = {isa = PBXBuildFile; fileRef = B7B68A5A26C181F0001F62BC /* NSManagedObjectContext+saveIfNeeded.swift */; };
/* End PBXBuildFile section */

/* Begin PBXFileReference section */
		B7AA159826C0036B0006359A /* VirtualTourist.app */ = {isa = PBXFileReference; explicitFileType = wrapper.application; includeInIndex = 0; path = VirtualTourist.app; sourceTree = BUILT_PRODUCTS_DIR; };
		B7AA159B26C0036B0006359A /* AppDelegate.swift */ = {isa = PBXFileReference; lastKnownFileType = sourcecode.swift; path = AppDelegate.swift; sourceTree = "<group>"; };
		B7AA159D26C0036B0006359A /* SceneDelegate.swift */ = {isa = PBXFileReference; lastKnownFileType = sourcecode.swift; path = SceneDelegate.swift; sourceTree = "<group>"; };
		B7AA15A226C0036B0006359A /* Base */ = {isa = PBXFileReference; lastKnownFileType = file.storyboard; name = Base; path = Base.lproj/Main.storyboard; sourceTree = "<group>"; };
		B7AA15A526C0036B0006359A /* VirtualTourist.xcdatamodel */ = {isa = PBXFileReference; lastKnownFileType = wrapper.xcdatamodel; path = VirtualTourist.xcdatamodel; sourceTree = "<group>"; };
		B7AA15A726C0036E0006359A /* Assets.xcassets */ = {isa = PBXFileReference; lastKnownFileType = folder.assetcatalog; path = Assets.xcassets; sourceTree = "<group>"; };
		B7AA15AA26C0036E0006359A /* Base */ = {isa = PBXFileReference; lastKnownFileType = file.storyboard; name = Base; path = Base.lproj/LaunchScreen.storyboard; sourceTree = "<group>"; };
		B7AA15AC26C0036E0006359A /* Info.plist */ = {isa = PBXFileReference; lastKnownFileType = text.plist.xml; path = Info.plist; sourceTree = "<group>"; };
		B7AA15B526C00E560006359A /* MapViewController.swift */ = {isa = PBXFileReference; lastKnownFileType = sourcecode.swift; path = MapViewController.swift; sourceTree = "<group>"; };
		B7AA15B726C00E660006359A /* PinAlbumViewController.swift */ = {isa = PBXFileReference; lastKnownFileType = sourcecode.swift; path = PinAlbumViewController.swift; sourceTree = "<group>"; };
		B7AA15BA26C011B60006359A /* Pin+extension.swift */ = {isa = PBXFileReference; lastKnownFileType = sourcecode.swift; path = "Pin+extension.swift"; sourceTree = "<group>"; };
		B7AA15BC26C0121D0006359A /* Constants.swift */ = {isa = PBXFileReference; lastKnownFileType = sourcecode.swift; path = Constants.swift; sourceTree = "<group>"; };
		B7AA15BF26C044390006359A /* FlickrClient.swift */ = {isa = PBXFileReference; lastKnownFileType = sourcecode.swift; path = FlickrClient.swift; sourceTree = "<group>"; };
		B7AA15C326C044990006359A /* FlickrPhotoSearchResponse.swift */ = {isa = PBXFileReference; lastKnownFileType = sourcecode.swift; path = FlickrPhotoSearchResponse.swift; sourceTree = "<group>"; };
		B7AA15C526C0493E0006359A /* FlickrPhoto.swift */ = {isa = PBXFileReference; lastKnownFileType = sourcecode.swift; path = FlickrPhoto.swift; sourceTree = "<group>"; };
		B7AA15C726C04A900006359A /* FlickrError.swift */ = {isa = PBXFileReference; lastKnownFileType = sourcecode.swift; path = FlickrError.swift; sourceTree = "<group>"; };
		B7AA15CB26C04D1B0006359A /* FlickrErrorResponse.swift */ = {isa = PBXFileReference; lastKnownFileType = sourcecode.swift; path = FlickrErrorResponse.swift; sourceTree = "<group>"; };
		B7AA15CD26C04F0D0006359A /* ImageCollectionViewCell.swift */ = {isa = PBXFileReference; lastKnownFileType = sourcecode.swift; path = ImageCollectionViewCell.swift; sourceTree = "<group>"; };
		B7AA15D026C051F50006359A /* UIViewController+showAlert.swift */ = {isa = PBXFileReference; lastKnownFileType = sourcecode.swift; path = "UIViewController+showAlert.swift"; sourceTree = "<group>"; };
		B7AA15D226C067F60006359A /* DataController.swift */ = {isa = PBXFileReference; lastKnownFileType = sourcecode.swift; path = DataController.swift; sourceTree = "<group>"; };
		B7AA15D426C0766A0006359A /* PinAnnotation.swift */ = {isa = PBXFileReference; lastKnownFileType = sourcecode.swift; path = PinAnnotation.swift; sourceTree = "<group>"; };
		B7B68A5826C08D60001F62BC /* Photo+extension.swift */ = {isa = PBXFileReference; lastKnownFileType = sourcecode.swift; path = "Photo+extension.swift"; sourceTree = "<group>"; };
		B7B68A5A26C181F0001F62BC /* NSManagedObjectContext+saveIfNeeded.swift */ = {isa = PBXFileReference; lastKnownFileType = sourcecode.swift; path = "NSManagedObjectContext+saveIfNeeded.swift"; sourceTree = "<group>"; };
/* End PBXFileReference section */

/* Begin PBXFrameworksBuildPhase section */
		B7AA159526C0036B0006359A /* Frameworks */ = {
			isa = PBXFrameworksBuildPhase;
			buildActionMask = 2147483647;
			files = (
			);
			runOnlyForDeploymentPostprocessing = 0;
		};
/* End PBXFrameworksBuildPhase section */

/* Begin PBXGroup section */
		B76E8AA92714EB2400BF6971 /* Networking */ = {
			isa = PBXGroup;
			children = (
				B7AA15BE26C044210006359A /* Flickr */,
			);
			path = Networking;
			sourceTree = "<group>";
		};
		B7AA158F26C0036B0006359A = {
			isa = PBXGroup;
			children = (
				B7AA159A26C0036B0006359A /* VirtualTourist */,
				B7AA159926C0036B0006359A /* Products */,
			);
			sourceTree = "<group>";
		};
		B7AA159926C0036B0006359A /* Products */ = {
			isa = PBXGroup;
			children = (
				B7AA159826C0036B0006359A /* VirtualTourist.app */,
			);
			name = Products;
			sourceTree = "<group>";
		};
		B7AA159A26C0036B0006359A /* VirtualTourist */ = {
			isa = PBXGroup;
			children = (
				B7AA15AC26C0036E0006359A /* Info.plist */,
				B7AA159B26C0036B0006359A /* AppDelegate.swift */,
				B7AA159D26C0036B0006359A /* SceneDelegate.swift */,
				B7AA15BC26C0121D0006359A /* Constants.swift */,
				B7AA15B426C00D4E0006359A /* Models */,
				B7AA15CF26C04F120006359A /* Views */,
				B7AA15B226C00D250006359A /* Controllers */,
				B76E8AA92714EB2400BF6971 /* Networking */,
				B7AA15B926C0117B0006359A /* Extensions */,
				B7AA15B326C00D380006359A /* Assets */,
			);
			path = VirtualTourist;
			sourceTree = "<group>";
		};
		B7AA15B226C00D250006359A /* Controllers */ = {
			isa = PBXGroup;
			children = (
				B7AA15D226C067F60006359A /* DataController.swift */,
				B7AA15B526C00E560006359A /* MapViewController.swift */,
				B7AA15B726C00E660006359A /* PinAlbumViewController.swift */,
			);
			path = Controllers;
			sourceTree = "<group>";
		};
		B7AA15B326C00D380006359A /* Assets */ = {
			isa = PBXGroup;
			children = (
				B7AA15A126C0036B0006359A /* Main.storyboard */,
				B7AA15A926C0036E0006359A /* LaunchScreen.storyboard */,
				B7AA15A726C0036E0006359A /* Assets.xcassets */,
			);
			path = Assets;
			sourceTree = "<group>";
		};
		B7AA15B426C00D4E0006359A /* Models */ = {
			isa = PBXGroup;
			children = (
				B7AA15A426C0036B0006359A /* VirtualTourist.xcdatamodeld */,
				B7AA15D426C0766A0006359A /* PinAnnotation.swift */,
			);
			path = Models;
			sourceTree = "<group>";
		};
		B7AA15B926C0117B0006359A /* Extensions */ = {
			isa = PBXGroup;
			children = (
				B7AA15BA26C011B60006359A /* Pin+extension.swift */,
				B7B68A5826C08D60001F62BC /* Photo+extension.swift */,
				B7AA15D026C051F50006359A /* UIViewController+showAlert.swift */,
				B7B68A5A26C181F0001F62BC /* NSManagedObjectContext+saveIfNeeded.swift */,
			);
			path = Extensions;
			sourceTree = "<group>";
		};
		B7AA15BE26C044210006359A /* Flickr */ = {
			isa = PBXGroup;
			children = (
				B7AA15BF26C044390006359A /* FlickrClient.swift */,
				B7AA15C726C04A900006359A /* FlickrError.swift */,
				B7AA15C526C0493E0006359A /* FlickrPhoto.swift */,
				B7AA15C126C044680006359A /* FlickrResponse */,
			);
			path = Flickr;
			sourceTree = "<group>";
		};
		B7AA15C126C044680006359A /* FlickrResponse */ = {
			isa = PBXGroup;
			children = (
				B7AA15C326C044990006359A /* FlickrPhotoSearchResponse.swift */,
				B7AA15CB26C04D1B0006359A /* FlickrErrorResponse.swift */,
			);
			path = FlickrResponse;
			sourceTree = "<group>";
		};
		B7AA15CF26C04F120006359A /* Views */ = {
			isa = PBXGroup;
			children = (
				B7AA15CD26C04F0D0006359A /* ImageCollectionViewCell.swift */,
			);
			path = Views;
			sourceTree = "<group>";
		};
/* End PBXGroup section */

/* Begin PBXNativeTarget section */
		B7AA159726C0036B0006359A /* VirtualTourist */ = {
			isa = PBXNativeTarget;
			buildConfigurationList = B7AA15AF26C0036E0006359A /* Build configuration list for PBXNativeTarget "VirtualTourist" */;
			buildPhases = (
				B7AA159426C0036B0006359A /* Sources */,
				B7AA159526C0036B0006359A /* Frameworks */,
				B7AA159626C0036B0006359A /* Resources */,
			);
			buildRules = (
			);
			dependencies = (
			);
			name = VirtualTourist;
			productName = VirtualTourist;
			productReference = B7AA159826C0036B0006359A /* VirtualTourist.app */;
			productType = "com.apple.product-type.application";
		};
/* End PBXNativeTarget section */

/* Begin PBXProject section */
		B7AA159026C0036B0006359A /* Project object */ = {
			isa = PBXProject;
			attributes = {
				LastSwiftUpdateCheck = 1250;
				LastUpgradeCheck = 1250;
				TargetAttributes = {
					B7AA159726C0036B0006359A = {
						CreatedOnToolsVersion = 12.5.1;
					};
				};
			};
			buildConfigurationList = B7AA159326C0036B0006359A /* Build configuration list for PBXProject "VirtualTourist" */;
			compatibilityVersion = "Xcode 9.3";
			developmentRegion = en;
			hasScannedForEncodings = 0;
			knownRegions = (
				en,
				Base,
			);
			mainGroup = B7AA158F26C0036B0006359A;
			productRefGroup = B7AA159926C0036B0006359A /* Products */;
			projectDirPath = "";
			projectRoot = "";
			targets = (
				B7AA159726C0036B0006359A /* VirtualTourist */,
			);
		};
/* End PBXProject section */

/* Begin PBXResourcesBuildPhase section */
		B7AA159626C0036B0006359A /* Resources */ = {
			isa = PBXResourcesBuildPhase;
			buildActionMask = 2147483647;
			files = (
				B7AA15AB26C0036E0006359A /* LaunchScreen.storyboard in Resources */,
				B7AA15A826C0036E0006359A /* Assets.xcassets in Resources */,
				B7AA15A326C0036B0006359A /* Main.storyboard in Resources */,
			);
			runOnlyForDeploymentPostprocessing = 0;
		};
/* End PBXResourcesBuildPhase section */

/* Begin PBXSourcesBuildPhase section */
		B7AA159426C0036B0006359A /* Sources */ = {
			isa = PBXSourcesBuildPhase;
			buildActionMask = 2147483647;
			files = (
				B7AA15D526C0766A0006359A /* PinAnnotation.swift in Sources */,
				B7B68A5926C08D60001F62BC /* Photo+extension.swift in Sources */,
				B7AA15CC26C04D1B0006359A /* FlickrErrorResponse.swift in Sources */,
				B7AA15A626C0036B0006359A /* VirtualTourist.xcdatamodeld in Sources */,
				B7B68A5B26C181F0001F62BC /* NSManagedObjectContext+saveIfNeeded.swift in Sources */,
				B7AA15CE26C04F0D0006359A /* ImageCollectionViewCell.swift in Sources */,
				B7AA15C426C044990006359A /* FlickrPhotoSearchResponse.swift in Sources */,
				B7AA15D126C051F50006359A /* UIViewController+showAlert.swift in Sources */,
				B7AA15B826C00E660006359A /* PinAlbumViewController.swift in Sources */,
				B7AA15C026C044390006359A /* FlickrClient.swift in Sources */,
				B7AA15C826C04A900006359A /* FlickrError.swift in Sources */,
				B7AA15C626C0493E0006359A /* FlickrPhoto.swift in Sources */,
				B7AA159C26C0036B0006359A /* AppDelegate.swift in Sources */,
				B7AA15D326C067F60006359A /* DataController.swift in Sources */,
				B7AA159E26C0036B0006359A /* SceneDelegate.swift in Sources */,
				B7AA15BB26C011B60006359A /* Pin+extension.swift in Sources */,
				B7AA15B626C00E560006359A /* MapViewController.swift in Sources */,
				B7AA15BD26C0121D0006359A /* Constants.swift in Sources */,
			);
			runOnlyForDeploymentPostprocessing = 0;
		};
/* End PBXSourcesBuildPhase section */

/* Begin PBXVariantGroup section */
		B7AA15A126C0036B0006359A /* Main.storyboard */ = {
			isa = PBXVariantGroup;
			children = (
				B7AA15A226C0036B0006359A /* Base */,
			);
			name = Main.storyboard;
			sourceTree = "<group>";
		};
		B7AA15A926C0036E0006359A /* LaunchScreen.storyboard */ = {
			isa = PBXVariantGroup;
			children = (
				B7AA15AA26C0036E0006359A /* Base */,
			);
			name = LaunchScreen.storyboard;
			sourceTree = "<group>";
		};
/* End PBXVariantGroup section */

/* Begin XCBuildConfiguration section */
		B7AA15AD26C0036E0006359A /* Debug */ = {
			isa = XCBuildConfiguration;
			buildSettings = {
				ALWAYS_SEARCH_USER_PATHS = NO;
				CLANG_ANALYZER_NONNULL = YES;
				CLANG_ANALYZER_NUMBER_OBJECT_CONVERSION = YES_AGGRESSIVE;
				CLANG_CXX_LANGUAGE_STANDARD = "gnu++14";
				CLANG_CXX_LIBRARY = "libc++";
				CLANG_ENABLE_MODULES = YES;
				CLANG_ENABLE_OBJC_ARC = YES;
				CLANG_ENABLE_OBJC_WEAK = YES;
				CLANG_WARN_BLOCK_CAPTURE_AUTORELEASING = YES;
				CLANG_WARN_BOOL_CONVERSION = YES;
				CLANG_WARN_COMMA = YES;
				CLANG_WARN_CONSTANT_CONVERSION = YES;
				CLANG_WARN_DEPRECATED_OBJC_IMPLEMENTATIONS = YES;
				CLANG_WARN_DIRECT_OBJC_ISA_USAGE = YES_ERROR;
				CLANG_WARN_DOCUMENTATION_COMMENTS = YES;
				CLANG_WARN_EMPTY_BODY = YES;
				CLANG_WARN_ENUM_CONVERSION = YES;
				CLANG_WARN_INFINITE_RECURSION = YES;
				CLANG_WARN_INT_CONVERSION = YES;
				CLANG_WARN_NON_LITERAL_NULL_CONVERSION = YES;
				CLANG_WARN_OBJC_IMPLICIT_RETAIN_SELF = YES;
				CLANG_WARN_OBJC_LITERAL_CONVERSION = YES;
				CLANG_WARN_OBJC_ROOT_CLASS = YES_ERROR;
				CLANG_WARN_QUOTED_INCLUDE_IN_FRAMEWORK_HEADER = YES;
				CLANG_WARN_RANGE_LOOP_ANALYSIS = YES;
				CLANG_WARN_STRICT_PROTOTYPES = YES;
				CLANG_WARN_SUSPICIOUS_MOVE = YES;
				CLANG_WARN_UNGUARDED_AVAILABILITY = YES_AGGRESSIVE;
				CLANG_WARN_UNREACHABLE_CODE = YES;
				CLANG_WARN__DUPLICATE_METHOD_MATCH = YES;
				COPY_PHASE_STRIP = NO;
				DEBUG_INFORMATION_FORMAT = dwarf;
				ENABLE_STRICT_OBJC_MSGSEND = YES;
				ENABLE_TESTABILITY = YES;
				GCC_C_LANGUAGE_STANDARD = gnu11;
				GCC_DYNAMIC_NO_PIC = NO;
				GCC_NO_COMMON_BLOCKS = YES;
				GCC_OPTIMIZATION_LEVEL = 0;
				GCC_PREPROCESSOR_DEFINITIONS = (
					"DEBUG=1",
					"$(inherited)",
				);
				GCC_WARN_64_TO_32_BIT_CONVERSION = YES;
				GCC_WARN_ABOUT_RETURN_TYPE = YES_ERROR;
				GCC_WARN_UNDECLARED_SELECTOR = YES;
				GCC_WARN_UNINITIALIZED_AUTOS = YES_AGGRESSIVE;
				GCC_WARN_UNUSED_FUNCTION = YES;
				GCC_WARN_UNUSED_VARIABLE = YES;
				IPHONEOS_DEPLOYMENT_TARGET = 14.5;
				MTL_ENABLE_DEBUG_INFO = INCLUDE_SOURCE;
				MTL_FAST_MATH = YES;
				ONLY_ACTIVE_ARCH = YES;
				SDKROOT = iphoneos;
				SWIFT_ACTIVE_COMPILATION_CONDITIONS = DEBUG;
				SWIFT_OPTIMIZATION_LEVEL = "-Onone";
			};
			name = Debug;
		};
		B7AA15AE26C0036E0006359A /* Release */ = {
			isa = XCBuildConfiguration;
			buildSettings = {
				ALWAYS_SEARCH_USER_PATHS = NO;
				CLANG_ANALYZER_NONNULL = YES;
				CLANG_ANALYZER_NUMBER_OBJECT_CONVERSION = YES_AGGRESSIVE;
				CLANG_CXX_LANGUAGE_STANDARD = "gnu++14";
				CLANG_CXX_LIBRARY = "libc++";
				CLANG_ENABLE_MODULES = YES;
				CLANG_ENABLE_OBJC_ARC = YES;
				CLANG_ENABLE_OBJC_WEAK = YES;
				CLANG_WARN_BLOCK_CAPTURE_AUTORELEASING = YES;
				CLANG_WARN_BOOL_CONVERSION = YES;
				CLANG_WARN_COMMA = YES;
				CLANG_WARN_CONSTANT_CONVERSION = YES;
				CLANG_WARN_DEPRECATED_OBJC_IMPLEMENTATIONS = YES;
				CLANG_WARN_DIRECT_OBJC_ISA_USAGE = YES_ERROR;
				CLANG_WARN_DOCUMENTATION_COMMENTS = YES;
				CLANG_WARN_EMPTY_BODY = YES;
				CLANG_WARN_ENUM_CONVERSION = YES;
				CLANG_WARN_INFINITE_RECURSION = YES;
				CLANG_WARN_INT_CONVERSION = YES;
				CLANG_WARN_NON_LITERAL_NULL_CONVERSION = YES;
				CLANG_WARN_OBJC_IMPLICIT_RETAIN_SELF = YES;
				CLANG_WARN_OBJC_LITERAL_CONVERSION = YES;
				CLANG_WARN_OBJC_ROOT_CLASS = YES_ERROR;
				CLANG_WARN_QUOTED_INCLUDE_IN_FRAMEWORK_HEADER = YES;
				CLANG_WARN_RANGE_LOOP_ANALYSIS = YES;
				CLANG_WARN_STRICT_PROTOTYPES = YES;
				CLANG_WARN_SUSPICIOUS_MOVE = YES;
				CLANG_WARN_UNGUARDED_AVAILABILITY = YES_AGGRESSIVE;
				CLANG_WARN_UNREACHABLE_CODE = YES;
				CLANG_WARN__DUPLICATE_METHOD_MATCH = YES;
				COPY_PHASE_STRIP = NO;
				DEBUG_INFORMATION_FORMAT = "dwarf-with-dsym";
				ENABLE_NS_ASSERTIONS = NO;
				ENABLE_STRICT_OBJC_MSGSEND = YES;
				GCC_C_LANGUAGE_STANDARD = gnu11;
				GCC_NO_COMMON_BLOCKS = YES;
				GCC_WARN_64_TO_32_BIT_CONVERSION = YES;
				GCC_WARN_ABOUT_RETURN_TYPE = YES_ERROR;
				GCC_WARN_UNDECLARED_SELECTOR = YES;
				GCC_WARN_UNINITIALIZED_AUTOS = YES_AGGRESSIVE;
				GCC_WARN_UNUSED_FUNCTION = YES;
				GCC_WARN_UNUSED_VARIABLE = YES;
				IPHONEOS_DEPLOYMENT_TARGET = 14.5;
				MTL_ENABLE_DEBUG_INFO = NO;
				MTL_FAST_MATH = YES;
				SDKROOT = iphoneos;
				SWIFT_COMPILATION_MODE = wholemodule;
				SWIFT_OPTIMIZATION_LEVEL = "-O";
				VALIDATE_PRODUCT = YES;
			};
			name = Release;
		};
		B7AA15B026C0036E0006359A /* Debug */ = {
			isa = XCBuildConfiguration;
			buildSettings = {
				ASSETCATALOG_COMPILER_APPICON_NAME = AppIcon;
				ASSETCATALOG_COMPILER_GLOBAL_ACCENT_COLOR_NAME = AccentColor;
				CODE_SIGN_STYLE = Automatic;
				INFOPLIST_FILE = VirtualTourist/Info.plist;
				LD_RUNPATH_SEARCH_PATHS = (
					"$(inherited)",
					"@executable_path/Frameworks",
				);
				PRODUCT_BUNDLE_IDENTIFIER = g02dev.VirtualTourist;
				PRODUCT_NAME = "$(TARGET_NAME)";
				SWIFT_VERSION = 5.0;
				TARGETED_DEVICE_FAMILY = "1,2";
			};
			name = Debug;
		};
		B7AA15B126C0036E0006359A /* Release */ = {
			isa = XCBuildConfiguration;
			buildSettings = {
				ASSETCATALOG_COMPILER_APPICON_NAME = AppIcon;
				ASSETCATALOG_COMPILER_GLOBAL_ACCENT_COLOR_NAME = AccentColor;
				CODE_SIGN_STYLE = Automatic;
				INFOPLIST_FILE = VirtualTourist/Info.plist;
				LD_RUNPATH_SEARCH_PATHS = (
					"$(inherited)",
					"@executable_path/Frameworks",
				);
				PRODUCT_BUNDLE_IDENTIFIER = g02dev.VirtualTourist;
				PRODUCT_NAME = "$(TARGET_NAME)";
				SWIFT_VERSION = 5.0;
				TARGETED_DEVICE_FAMILY = "1,2";
			};
			name = Release;
		};
/* End XCBuildConfiguration section */

/* Begin XCConfigurationList section */
		B7AA159326C0036B0006359A /* Build configuration list for PBXProject "VirtualTourist" */ = {
			isa = XCConfigurationList;
			buildConfigurations = (
				B7AA15AD26C0036E0006359A /* Debug */,
				B7AA15AE26C0036E0006359A /* Release */,
			);
			defaultConfigurationIsVisible = 0;
			defaultConfigurationName = Release;
		};
		B7AA15AF26C0036E0006359A /* Build configuration list for PBXNativeTarget "VirtualTourist" */ = {
			isa = XCConfigurationList;
			buildConfigurations = (
				B7AA15B026C0036E0006359A /* Debug */,
				B7AA15B126C0036E0006359A /* Release */,
			);
			defaultConfigurationIsVisible = 0;
			defaultConfigurationName = Release;
		};
/* End XCConfigurationList section */

/* Begin XCVersionGroup section */
		B7AA15A426C0036B0006359A /* VirtualTourist.xcdatamodeld */ = {
			isa = XCVersionGroup;
			children = (
				B7AA15A526C0036B0006359A /* VirtualTourist.xcdatamodel */,
			);
			currentVersion = B7AA15A526C0036B0006359A /* VirtualTourist.xcdatamodel */;
			path = VirtualTourist.xcdatamodeld;
			sourceTree = "<group>";
			versionGroupType = wrapper.xcdatamodel;
		};
/* End XCVersionGroup section */
	};
	rootObject = B7AA159026C0036B0006359A /* Project object */;
}
